
Microsoft Visual Studio Solution File, Format Version 12.00
# Visual Studio Version 16
VisualStudioVersion = 16.0.29613.14
MinimumVisualStudioVersion = 10.0.40219.1
Project("{8BC9CEB8-8B4A-11D0-8D11-00A0C91BC942}") = "Client", "Client\Client.vcxproj", "{EEF39F22-73B0-4228-977A-859DD87FB677}"
EndProject
Project("{8BC9CEB8-8B4A-11D0-8D11-00A0C91BC942}") = "Server", "Server\Server.vcxproj", "{2FB950D2-074B-4343-B538-923B56333434}"
EndProject
Global
	GlobalSection(SolutionConfigurationPlatforms) = preSolution
		Debug|x64 = Debug|x64
		Debug|x86 = Debug|x86
		Release|x64 = Release|x64
		Release|x86 = Release|x86
	EndGlobalSection
	GlobalSection(ProjectConfigurationPlatforms) = postSolution
		{EEF39F22-73B0-4228-977A-859DD87FB677}.Debug|x64.ActiveCfg = Debug|x64
		{EEF39F22-73B0-4228-977A-859DD87FB677}.Debug|x64.Build.0 = Debug|x64
		{EEF39F22-73B0-4228-977A-859DD87FB677}.Debug|x86.ActiveCfg = Debug|Win32
		{EEF39F22-73B0-4228-977A-859DD87FB677}.Debug|x86.Build.0 = Debug|Win32
		{EEF39F22-73B0-4228-977A-859DD87FB677}.Release|x64.ActiveCfg = Release|x64
		{EEF39F22-73B0-4228-977A-859DD87FB677}.Release|x64.Build.0 = Release|x64
		{EEF39F22-73B0-4228-977A-859DD87FB677}.Release|x86.ActiveCfg = Release|Win32
		{EEF39F22-73B0-4228-977A-859DD87FB677}.Release|x86.Build.0 = Release|Win32
		{2FB950D2-074B-4343-B538-923B56333434}.Debug|x64.ActiveCfg = Debug|x64
		{2FB950D2-074B-4343-B538-923B56333434}.Debug|x64.Build.0 = Debug|x64
		{2FB950D2-074B-4343-B538-923B56333434}.Debug|x86.ActiveCfg = Debug|Win32
		{2FB950D2-074B-4343-B538-923B56333434}.Debug|x86.Build.0 = Debug|Win32
		{2FB950D2-074B-4343-B538-923B56333434}.Release|x64.ActiveCfg = Release|x64
		{2FB950D2-074B-4343-B538-923B56333434}.Release|x64.Build.0 = Release|x64
		{2FB950D2-074B-4343-B538-923B56333434}.Release|x86.ActiveCfg = Release|Win32
		{2FB950D2-074B-4343-B538-923B56333434}.Release|x86.Build.0 = Release|Win32
	EndGlobalSection
	GlobalSection(SolutionProperties) = preSolution
		HideSolutionNode = FALSE
	EndGlobalSection
	GlobalSection(ExtensibilityGlobals) = postSolution
		SolutionGuid = {30CE01FF-3D9A-4255-9C7C-919B208BC220}
	EndGlobalSection
EndGlobal
